// !$*UTF8*$!
{
	archiveVersion = 1;
	classes = {
	};
	objectVersion = 48;
	objects = {

/* Begin PBXBuildFile section */
		1A65F6261FF253CF00B4573C /* AliHATestCaseViewController.mm in Sources */ = {isa = PBXBuildFile; fileRef = 1A65F6251FF253CF00B4573C /* AliHATestCaseViewController.mm */; };
		7D6260E61FDA8C5A00E856CB /* HFXTestClass.m in Sources */ = {isa = PBXBuildFile; fileRef = 7D6260E31FDA8C5900E856CB /* HFXTestClass.m */; };
		7D6260E71FDA8C5A00E856CB /* HFXViewController.m in Sources */ = {isa = PBXBuildFile; fileRef = 7D6260E51FDA8C5900E856CB /* HFXViewController.m */; };
		7D6260EA1FDA8C8400E856CB /* arp.framework in Frameworks */ = {isa = PBXBuildFile; fileRef = 7D6260E81FDA8C8400E856CB /* arp.framework */; };
		7D8394A51FDA954400EBB60F /* AlicloudHotFixEmas.framework in Frameworks */ = {isa = PBXBuildFile; fileRef = 7D8394A41FDA954400EBB60F /* AlicloudHotFixEmas.framework */; };
		7D8394A91FDB902900EBB60F /* fix.lua in Resources */ = {isa = PBXBuildFile; fileRef = 7D8394A81FDB902900EBB60F /* fix.lua */; };
		8A0922F2207A4A8500AA71FA /* AppConfigTableViewController.m in Sources */ = {isa = PBXBuildFile; fileRef = 8A0922F1207A4A8500AA71FA /* AppConfigTableViewController.m */; };
		8A0922F5207B0B9800AA71FA /* MtopVerifyTableViewController.m in Sources */ = {isa = PBXBuildFile; fileRef = 8A0922F4207B0B9800AA71FA /* MtopVerifyTableViewController.m */; };
		8A69B607200C8E5F0073756D /* AliyunEmasServices-Info.plist in Resources */ = {isa = PBXBuildFile; fileRef = 8A69B606200C8E5F0073756D /* AliyunEmasServices-Info.plist */; };
		8A69B60A200C8F980073756D /* EMASService.m in Sources */ = {isa = PBXBuildFile; fileRef = 8A69B609200C8F980073756D /* EMASService.m */; };
		8AA1174D1FF5E8FD004D4D0A /* Interface.storyboard in Resources */ = {isa = PBXBuildFile; fileRef = 8AA1174B1FF5E8FD004D4D0A /* Interface.storyboard */; };
		8AA1174F1FF5E8FD004D4D0A /* Assets.xcassets in Resources */ = {isa = PBXBuildFile; fileRef = 8AA1174E1FF5E8FD004D4D0A /* Assets.xcassets */; };
		8AA117561FF5E8FE004D4D0A /* EMASWatch Extension.appex in Embed App Extensions */ = {isa = PBXBuildFile; fileRef = 8AA117551FF5E8FE004D4D0A /* EMASWatch Extension.appex */; settings = {ATTRIBUTES = (RemoveHeadersOnCopy, ); }; };
		8AA1175C1FF5E8FE004D4D0A /* InterfaceController.m in Sources */ = {isa = PBXBuildFile; fileRef = 8AA1175B1FF5E8FE004D4D0A /* InterfaceController.m */; };
		8AA1175F1FF5E8FE004D4D0A /* ExtensionDelegate.m in Sources */ = {isa = PBXBuildFile; fileRef = 8AA1175E1FF5E8FE004D4D0A /* ExtensionDelegate.m */; };
		8AA117621FF5E8FE004D4D0A /* NotificationController.m in Sources */ = {isa = PBXBuildFile; fileRef = 8AA117611FF5E8FE004D4D0A /* NotificationController.m */; };
		8AA117641FF5E8FE004D4D0A /* Assets.xcassets in Resources */ = {isa = PBXBuildFile; fileRef = 8AA117631FF5E8FE004D4D0A /* Assets.xcassets */; };
		8AA117691FF5E8FE004D4D0A /* EMASWatch.app in Embed Watch Content */ = {isa = PBXBuildFile; fileRef = 8AA117491FF5E8FD004D4D0A /* EMASWatch.app */; };
		8AB1A7BF1FFDDE51007C4675 /* UIKit.framework in Frameworks */ = {isa = PBXBuildFile; fileRef = 8AB1A7BE1FFDDE50007C4675 /* UIKit.framework */; };
		8ABD97DD1FF4F7C400469557 /* WXCrashAdapterHandler.m in Sources */ = {isa = PBXBuildFile; fileRef = 8ABD97DC1FF4F7C400469557 /* WXCrashAdapterHandler.m */; };
		8AC0CB6E200312CF00FD44E6 /* MobileCoreServices.framework in Frameworks */ = {isa = PBXBuildFile; fileRef = 8AC0CB6D200312CF00FD44E6 /* MobileCoreServices.framework */; };
		8AC0CB75200317A000FD44E6 /* WXCrashReporter.m in Sources */ = {isa = PBXBuildFile; fileRef = 8AC0CB72200317A000FD44E6 /* WXCrashReporter.m */; };
		8AC0CB76200317A000FD44E6 /* WXRecorder.m in Sources */ = {isa = PBXBuildFile; fileRef = 8AC0CB74200317A000FD44E6 /* WXRecorder.m */; };
		8ADA95401FD9309400C0EF49 /* AppDelegate.m in Sources */ = {isa = PBXBuildFile; fileRef = 8ADA953F1FD9309400C0EF49 /* AppDelegate.m */; };
		8ADA95431FD9309400C0EF49 /* FirstViewController.m in Sources */ = {isa = PBXBuildFile; fileRef = 8ADA95421FD9309400C0EF49 /* FirstViewController.m */; };
		8ADA95461FD9309400C0EF49 /* SecondViewController.m in Sources */ = {isa = PBXBuildFile; fileRef = 8ADA95451FD9309400C0EF49 /* SecondViewController.m */; };
		8ADA95491FD9309400C0EF49 /* Main.storyboard in Resources */ = {isa = PBXBuildFile; fileRef = 8ADA95471FD9309400C0EF49 /* Main.storyboard */; };
		8ADA954B1FD9309400C0EF49 /* Assets.xcassets in Resources */ = {isa = PBXBuildFile; fileRef = 8ADA954A1FD9309400C0EF49 /* Assets.xcassets */; };
		8ADA954E1FD9309400C0EF49 /* LaunchScreen.storyboard in Resources */ = {isa = PBXBuildFile; fileRef = 8ADA954C1FD9309400C0EF49 /* LaunchScreen.storyboard */; };
		8ADA95511FD9309400C0EF49 /* main.m in Sources */ = {isa = PBXBuildFile; fileRef = 8ADA95501FD9309400C0EF49 /* main.m */; };
		8ADA955B1FD9309400C0EF49 /* EMASDemoTests.m in Sources */ = {isa = PBXBuildFile; fileRef = 8ADA955A1FD9309400C0EF49 /* EMASDemoTests.m */; };
		8ADA95661FD9309400C0EF49 /* EMASDemoUITests.m in Sources */ = {isa = PBXBuildFile; fileRef = 8ADA95651FD9309400C0EF49 /* EMASDemoUITests.m */; };
		8ADA95751FDA3BA300C0EF49 /* FirstTableViewController.m in Sources */ = {isa = PBXBuildFile; fileRef = 8ADA95741FDA3BA300C0EF49 /* FirstTableViewController.m */; };
		8ADA95781FDA3BB000C0EF49 /* SecondTableViewController.m in Sources */ = {isa = PBXBuildFile; fileRef = 8ADA95771FDA3BB000C0EF49 /* SecondTableViewController.m */; };
		981DC5D820998B53006472AF /* MtopResultViewController.m in Sources */ = {isa = PBXBuildFile; fileRef = 981DC5D720998B53006472AF /* MtopResultViewController.m */; };
		9A09D7891FF270D600585632 /* WXScannerVC.m in Sources */ = {isa = PBXBuildFile; fileRef = 9A09D7881FF270D600585632 /* WXScannerVC.m */; };
		9A09D78C1FF270FD00585632 /* UIViewController+WXDemoNaviBar.m in Sources */ = {isa = PBXBuildFile; fileRef = 9A09D78A1FF270FD00585632 /* UIViewController+WXDemoNaviBar.m */; };
		9A09D78F1FF2719700585632 /* WXDemoViewController.m in Sources */ = {isa = PBXBuildFile; fileRef = 9A09D78E1FF2719700585632 /* WXDemoViewController.m */; };
		9A09D7961FF27A6200585632 /* index.js in Resources */ = {isa = PBXBuildFile; fileRef = 9A09D7951FF27A6200585632 /* index.js */; };
		9A09D79A1FF27B2400585632 /* WXEventModule.m in Sources */ = {isa = PBXBuildFile; fileRef = 9A09D7991FF27B2300585632 /* WXEventModule.m */; };
		9A09D79E1FF27B5B00585632 /* WXImgLoaderDefaultImpl.m in Sources */ = {isa = PBXBuildFile; fileRef = 9A09D79D1FF27B5B00585632 /* WXImgLoaderDefaultImpl.m */; };
		9A09D7A11FF27F9F00585632 /* WXResourceRequestHandlerDemoImpl.m in Sources */ = {isa = PBXBuildFile; fileRef = 9A09D79F1FF27F9F00585632 /* WXResourceRequestHandlerDemoImpl.m */; };
		9A09D7A41FF356DA00585632 /* WXAppMonitorHandler.m in Sources */ = {isa = PBXBuildFile; fileRef = 9A09D7A31FF356DA00585632 /* WXAppMonitorHandler.m */; };
		F2AEA74CFBBBDD9338DF0F3C /* libPods-EMASDemo.a in Frameworks */ = {isa = PBXBuildFile; fileRef = C9D522707B463174EC727EEF /* libPods-EMASDemo.a */; };
/* End PBXBuildFile section */

/* Begin PBXContainerItemProxy section */
		8AA117571FF5E8FE004D4D0A /* PBXContainerItemProxy */ = {
			isa = PBXContainerItemProxy;
			containerPortal = 8ADA95331FD9309400C0EF49 /* Project object */;
			proxyType = 1;
			remoteGlobalIDString = 8AA117541FF5E8FE004D4D0A;
			remoteInfo = "EMASWatch Extension";
		};
		8AA117671FF5E8FE004D4D0A /* PBXContainerItemProxy */ = {
			isa = PBXContainerItemProxy;
			containerPortal = 8ADA95331FD9309400C0EF49 /* Project object */;
			proxyType = 1;
			remoteGlobalIDString = 8AA117481FF5E8FD004D4D0A;
			remoteInfo = EMASWatch;
		};
		8ADA95571FD9309400C0EF49 /* PBXContainerItemProxy */ = {
			isa = PBXContainerItemProxy;
			containerPortal = 8ADA95331FD9309400C0EF49 /* Project object */;
			proxyType = 1;
			remoteGlobalIDString = 8ADA953A1FD9309400C0EF49;
			remoteInfo = EMASDemo;
		};
		8ADA95621FD9309400C0EF49 /* PBXContainerItemProxy */ = {
			isa = PBXContainerItemProxy;
			containerPortal = 8ADA95331FD9309400C0EF49 /* Project object */;
			proxyType = 1;
			remoteGlobalIDString = 8ADA953A1FD9309400C0EF49;
			remoteInfo = EMASDemo;
		};
/* End PBXContainerItemProxy section */

/* Begin PBXCopyFilesBuildPhase section */
		8AA1176D1FF5E8FE004D4D0A /* Embed App Extensions */ = {
			isa = PBXCopyFilesBuildPhase;
			buildActionMask = 2147483647;
			dstPath = "";
			dstSubfolderSpec = 13;
			files = (
				8AA117561FF5E8FE004D4D0A /* EMASWatch Extension.appex in Embed App Extensions */,
			);
			name = "Embed App Extensions";
			runOnlyForDeploymentPostprocessing = 0;
		};
		8ABD97BD1FF4D55700469557 /* Embed Watch Content */ = {
			isa = PBXCopyFilesBuildPhase;
			buildActionMask = 2147483647;
			dstPath = "$(CONTENTS_FOLDER_PATH)/Watch";
			dstSubfolderSpec = 16;
			files = (
				8AA117691FF5E8FE004D4D0A /* EMASWatch.app in Embed Watch Content */,
			);
			name = "Embed Watch Content";
			runOnlyForDeploymentPostprocessing = 0;
		};
/* End PBXCopyFilesBuildPhase section */

/* Begin PBXFileReference section */
		0841F49C85C633B167F1BB45 /* Pods-EMASDemo.release.xcconfig */ = {isa = PBXFileReference; includeInIndex = 1; lastKnownFileType = text.xcconfig; name = "Pods-EMASDemo.release.xcconfig"; path = "Pods/Target Support Files/Pods-EMASDemo/Pods-EMASDemo.release.xcconfig"; sourceTree = "<group>"; };
		1A65F6241FF253CF00B4573C /* AliHATestCaseViewController.h */ = {isa = PBXFileReference; lastKnownFileType = sourcecode.c.h; path = AliHATestCaseViewController.h; sourceTree = "<group>"; };
		1A65F6251FF253CF00B4573C /* AliHATestCaseViewController.mm */ = {isa = PBXFileReference; lastKnownFileType = sourcecode.cpp.objcpp; path = AliHATestCaseViewController.mm; sourceTree = "<group>"; };
		7D6260E21FDA8C5900E856CB /* HFXTestClass.h */ = {isa = PBXFileReference; fileEncoding = 4; lastKnownFileType = sourcecode.c.h; path = HFXTestClass.h; sourceTree = "<group>"; };
		7D6260E31FDA8C5900E856CB /* HFXTestClass.m */ = {isa = PBXFileReference; fileEncoding = 4; lastKnownFileType = sourcecode.c.objc; path = HFXTestClass.m; sourceTree = "<group>"; };
		7D6260E41FDA8C5900E856CB /* HFXViewController.h */ = {isa = PBXFileReference; fileEncoding = 4; lastKnownFileType = sourcecode.c.h; path = HFXViewController.h; sourceTree = "<group>"; };
		7D6260E51FDA8C5900E856CB /* HFXViewController.m */ = {isa = PBXFileReference; fileEncoding = 4; lastKnownFileType = sourcecode.c.objc; path = HFXViewController.m; sourceTree = "<group>"; };
		7D6260E81FDA8C8400E856CB /* arp.framework */ = {isa = PBXFileReference; lastKnownFileType = wrapper.framework; path = arp.framework; sourceTree = "<group>"; };
		7D8394A41FDA954400EBB60F /* AlicloudHotFixEmas.framework */ = {isa = PBXFileReference; lastKnownFileType = wrapper.framework; path = AlicloudHotFixEmas.framework; sourceTree = "<group>"; };
		7D8394A81FDB902900EBB60F /* fix.lua */ = {isa = PBXFileReference; fileEncoding = 4; lastKnownFileType = text; path = fix.lua; sourceTree = "<group>"; };
		8A0922F0207A4A8500AA71FA /* AppConfigTableViewController.h */ = {isa = PBXFileReference; lastKnownFileType = sourcecode.c.h; path = AppConfigTableViewController.h; sourceTree = "<group>"; };
		8A0922F1207A4A8500AA71FA /* AppConfigTableViewController.m */ = {isa = PBXFileReference; lastKnownFileType = sourcecode.c.objc; path = AppConfigTableViewController.m; sourceTree = "<group>"; };
		8A0922F3207B0B9800AA71FA /* MtopVerifyTableViewController.h */ = {isa = PBXFileReference; lastKnownFileType = sourcecode.c.h; path = MtopVerifyTableViewController.h; sourceTree = "<group>"; };
		8A0922F4207B0B9800AA71FA /* MtopVerifyTableViewController.m */ = {isa = PBXFileReference; lastKnownFileType = sourcecode.c.objc; path = MtopVerifyTableViewController.m; sourceTree = "<group>"; };
		8A69B606200C8E5F0073756D /* AliyunEmasServices-Info.plist */ = {isa = PBXFileReference; fileEncoding = 4; lastKnownFileType = text.plist.xml; path = "AliyunEmasServices-Info.plist"; sourceTree = SOURCE_ROOT; };
		8A69B608200C8F980073756D /* EMASService.h */ = {isa = PBXFileReference; lastKnownFileType = sourcecode.c.h; path = EMASService.h; sourceTree = "<group>"; };
		8A69B609200C8F980073756D /* EMASService.m */ = {isa = PBXFileReference; lastKnownFileType = sourcecode.c.objc; path = EMASService.m; sourceTree = "<group>"; };
		8AA117461FF5E59F004D4D0A /* EMASDemo.entitlements */ = {isa = PBXFileReference; lastKnownFileType = text.plist.entitlements; path = EMASDemo.entitlements; sourceTree = "<group>"; };
		8AA117491FF5E8FD004D4D0A /* EMASWatch.app */ = {isa = PBXFileReference; explicitFileType = wrapper.application; includeInIndex = 0; path = EMASWatch.app; sourceTree = BUILT_PRODUCTS_DIR; };
		8AA1174C1FF5E8FD004D4D0A /* Base */ = {isa = PBXFileReference; lastKnownFileType = file.storyboard; name = Base; path = Base.lproj/Interface.storyboard; sourceTree = "<group>"; };
		8AA1174E1FF5E8FD004D4D0A /* Assets.xcassets */ = {isa = PBXFileReference; lastKnownFileType = folder.assetcatalog; path = Assets.xcassets; sourceTree = "<group>"; };
		8AA117501FF5E8FD004D4D0A /* Info.plist */ = {isa = PBXFileReference; lastKnownFileType = text.plist.xml; path = Info.plist; sourceTree = "<group>"; };
		8AA117551FF5E8FE004D4D0A /* EMASWatch Extension.appex */ = {isa = PBXFileReference; explicitFileType = "wrapper.app-extension"; includeInIndex = 0; path = "EMASWatch Extension.appex"; sourceTree = BUILT_PRODUCTS_DIR; };
		8AA1175A1FF5E8FE004D4D0A /* InterfaceController.h */ = {isa = PBXFileReference; lastKnownFileType = sourcecode.c.h; path = InterfaceController.h; sourceTree = "<group>"; };
		8AA1175B1FF5E8FE004D4D0A /* InterfaceController.m */ = {isa = PBXFileReference; lastKnownFileType = sourcecode.c.objc; path = InterfaceController.m; sourceTree = "<group>"; };
		8AA1175D1FF5E8FE004D4D0A /* ExtensionDelegate.h */ = {isa = PBXFileReference; lastKnownFileType = sourcecode.c.h; path = ExtensionDelegate.h; sourceTree = "<group>"; };
		8AA1175E1FF5E8FE004D4D0A /* ExtensionDelegate.m */ = {isa = PBXFileReference; lastKnownFileType = sourcecode.c.objc; path = ExtensionDelegate.m; sourceTree = "<group>"; };
		8AA117601FF5E8FE004D4D0A /* NotificationController.h */ = {isa = PBXFileReference; lastKnownFileType = sourcecode.c.h; path = NotificationController.h; sourceTree = "<group>"; };
		8AA117611FF5E8FE004D4D0A /* NotificationController.m */ = {isa = PBXFileReference; lastKnownFileType = sourcecode.c.objc; path = NotificationController.m; sourceTree = "<group>"; };
		8AA117631FF5E8FE004D4D0A /* Assets.xcassets */ = {isa = PBXFileReference; lastKnownFileType = folder.assetcatalog; path = Assets.xcassets; sourceTree = "<group>"; };
		8AA117651FF5E8FE004D4D0A /* Info.plist */ = {isa = PBXFileReference; lastKnownFileType = text.plist.xml; path = Info.plist; sourceTree = "<group>"; };
		8AA117661FF5E8FE004D4D0A /* PushNotificationPayload.apns */ = {isa = PBXFileReference; lastKnownFileType = text; path = PushNotificationPayload.apns; sourceTree = "<group>"; };
		8AB1A7BE1FFDDE50007C4675 /* UIKit.framework */ = {isa = PBXFileReference; lastKnownFileType = wrapper.framework; name = UIKit.framework; path = System/Library/Frameworks/UIKit.framework; sourceTree = SDKROOT; };
		8ABD97DA1FF4F78700469557 /* WXCrashAdapterHandler.h */ = {isa = PBXFileReference; fileEncoding = 4; lastKnownFileType = sourcecode.c.h; path = WXCrashAdapterHandler.h; sourceTree = "<group>"; };
		8ABD97DC1FF4F7C400469557 /* WXCrashAdapterHandler.m */ = {isa = PBXFileReference; fileEncoding = 4; lastKnownFileType = sourcecode.c.objc; path = WXCrashAdapterHandler.m; sourceTree = "<group>"; };
		8AC0CB6D200312CF00FD44E6 /* MobileCoreServices.framework */ = {isa = PBXFileReference; lastKnownFileType = wrapper.framework; name = MobileCoreServices.framework; path = System/Library/Frameworks/MobileCoreServices.framework; sourceTree = SDKROOT; };
		8AC0CB71200317A000FD44E6 /* WXRecorder.h */ = {isa = PBXFileReference; fileEncoding = 4; lastKnownFileType = sourcecode.c.h; path = WXRecorder.h; sourceTree = "<group>"; };
		8AC0CB72200317A000FD44E6 /* WXCrashReporter.m */ = {isa = PBXFileReference; fileEncoding = 4; lastKnownFileType = sourcecode.c.objc; path = WXCrashReporter.m; sourceTree = "<group>"; };
		8AC0CB73200317A000FD44E6 /* WXCrashReporter.h */ = {isa = PBXFileReference; fileEncoding = 4; lastKnownFileType = sourcecode.c.h; path = WXCrashReporter.h; sourceTree = "<group>"; };
		8AC0CB74200317A000FD44E6 /* WXRecorder.m */ = {isa = PBXFileReference; fileEncoding = 4; lastKnownFileType = sourcecode.c.objc; path = WXRecorder.m; sourceTree = "<group>"; };
		8ADA953B1FD9309400C0EF49 /* EMASDemo.app */ = {isa = PBXFileReference; explicitFileType = wrapper.application; includeInIndex = 0; path = EMASDemo.app; sourceTree = BUILT_PRODUCTS_DIR; };
		8ADA953E1FD9309400C0EF49 /* AppDelegate.h */ = {isa = PBXFileReference; lastKnownFileType = sourcecode.c.h; path = AppDelegate.h; sourceTree = "<group>"; };
		8ADA953F1FD9309400C0EF49 /* AppDelegate.m */ = {isa = PBXFileReference; lastKnownFileType = sourcecode.c.objc; path = AppDelegate.m; sourceTree = "<group>"; };
		8ADA95411FD9309400C0EF49 /* FirstViewController.h */ = {isa = PBXFileReference; lastKnownFileType = sourcecode.c.h; path = FirstViewController.h; sourceTree = "<group>"; };
		8ADA95421FD9309400C0EF49 /* FirstViewController.m */ = {isa = PBXFileReference; lastKnownFileType = sourcecode.c.objc; path = FirstViewController.m; sourceTree = "<group>"; };
		8ADA95441FD9309400C0EF49 /* SecondViewController.h */ = {isa = PBXFileReference; lastKnownFileType = sourcecode.c.h; path = SecondViewController.h; sourceTree = "<group>"; };
		8ADA95451FD9309400C0EF49 /* SecondViewController.m */ = {isa = PBXFileReference; lastKnownFileType = sourcecode.c.objc; path = SecondViewController.m; sourceTree = "<group>"; };
		8ADA95481FD9309400C0EF49 /* Base */ = {isa = PBXFileReference; lastKnownFileType = file.storyboard; name = Base; path = Base.lproj/Main.storyboard; sourceTree = "<group>"; };
		8ADA954A1FD9309400C0EF49 /* Assets.xcassets */ = {isa = PBXFileReference; lastKnownFileType = folder.assetcatalog; path = Assets.xcassets; sourceTree = "<group>"; };
		8ADA954D1FD9309400C0EF49 /* Base */ = {isa = PBXFileReference; lastKnownFileType = file.storyboard; name = Base; path = Base.lproj/LaunchScreen.storyboard; sourceTree = "<group>"; };
		8ADA954F1FD9309400C0EF49 /* Info.plist */ = {isa = PBXFileReference; lastKnownFileType = text.plist.xml; path = Info.plist; sourceTree = "<group>"; };
		8ADA95501FD9309400C0EF49 /* main.m */ = {isa = PBXFileReference; lastKnownFileType = sourcecode.c.objc; path = main.m; sourceTree = "<group>"; };
		8ADA95561FD9309400C0EF49 /* EMASDemoTests.xctest */ = {isa = PBXFileReference; explicitFileType = wrapper.cfbundle; includeInIndex = 0; path = EMASDemoTests.xctest; sourceTree = BUILT_PRODUCTS_DIR; };
		8ADA955A1FD9309400C0EF49 /* EMASDemoTests.m */ = {isa = PBXFileReference; lastKnownFileType = sourcecode.c.objc; path = EMASDemoTests.m; sourceTree = "<group>"; };
		8ADA955C1FD9309400C0EF49 /* Info.plist */ = {isa = PBXFileReference; lastKnownFileType = text.plist.xml; path = Info.plist; sourceTree = "<group>"; };
		8ADA95611FD9309400C0EF49 /* EMASDemoUITests.xctest */ = {isa = PBXFileReference; explicitFileType = wrapper.cfbundle; includeInIndex = 0; path = EMASDemoUITests.xctest; sourceTree = BUILT_PRODUCTS_DIR; };
		8ADA95651FD9309400C0EF49 /* EMASDemoUITests.m */ = {isa = PBXFileReference; lastKnownFileType = sourcecode.c.objc; path = EMASDemoUITests.m; sourceTree = "<group>"; };
		8ADA95671FD9309400C0EF49 /* Info.plist */ = {isa = PBXFileReference; lastKnownFileType = text.plist.xml; path = Info.plist; sourceTree = "<group>"; };
		8ADA95731FDA3BA300C0EF49 /* FirstTableViewController.h */ = {isa = PBXFileReference; lastKnownFileType = sourcecode.c.h; path = FirstTableViewController.h; sourceTree = "<group>"; };
		8ADA95741FDA3BA300C0EF49 /* FirstTableViewController.m */ = {isa = PBXFileReference; lastKnownFileType = sourcecode.c.objc; path = FirstTableViewController.m; sourceTree = "<group>"; };
		8ADA95761FDA3BB000C0EF49 /* SecondTableViewController.h */ = {isa = PBXFileReference; lastKnownFileType = sourcecode.c.h; path = SecondTableViewController.h; sourceTree = "<group>"; };
		8ADA95771FDA3BB000C0EF49 /* SecondTableViewController.m */ = {isa = PBXFileReference; lastKnownFileType = sourcecode.c.objc; path = SecondTableViewController.m; sourceTree = "<group>"; };
		97BD7DEF55A6F7A44C7420EE /* Pods-EMASDemo.debug.xcconfig */ = {isa = PBXFileReference; includeInIndex = 1; lastKnownFileType = text.xcconfig; name = "Pods-EMASDemo.debug.xcconfig"; path = "Pods/Target Support Files/Pods-EMASDemo/Pods-EMASDemo.debug.xcconfig"; sourceTree = "<group>"; };
		981DC5D620998B53006472AF /* MtopResultViewController.h */ = {isa = PBXFileReference; lastKnownFileType = sourcecode.c.h; path = MtopResultViewController.h; sourceTree = "<group>"; };
		981DC5D720998B53006472AF /* MtopResultViewController.m */ = {isa = PBXFileReference; lastKnownFileType = sourcecode.c.objc; path = MtopResultViewController.m; sourceTree = "<group>"; };
		9A09D7871FF270D600585632 /* WXScannerVC.h */ = {isa = PBXFileReference; fileEncoding = 4; lastKnownFileType = sourcecode.c.h; path = WXScannerVC.h; sourceTree = "<group>"; };
		9A09D7881FF270D600585632 /* WXScannerVC.m */ = {isa = PBXFileReference; fileEncoding = 4; lastKnownFileType = sourcecode.c.objc; path = WXScannerVC.m; sourceTree = "<group>"; };
		9A09D78A1FF270FD00585632 /* UIViewController+WXDemoNaviBar.m */ = {isa = PBXFileReference; fileEncoding = 4; lastKnownFileType = sourcecode.c.objc; path = "UIViewController+WXDemoNaviBar.m"; sourceTree = "<group>"; };
		9A09D78B1FF270FD00585632 /* UIViewController+WXDemoNaviBar.h */ = {isa = PBXFileReference; fileEncoding = 4; lastKnownFileType = sourcecode.c.h; path = "UIViewController+WXDemoNaviBar.h"; sourceTree = "<group>"; };
		9A09D78D1FF2719600585632 /* WXDemoViewController.h */ = {isa = PBXFileReference; fileEncoding = 4; lastKnownFileType = sourcecode.c.h; path = WXDemoViewController.h; sourceTree = "<group>"; };
		9A09D78E1FF2719700585632 /* WXDemoViewController.m */ = {isa = PBXFileReference; fileEncoding = 4; lastKnownFileType = sourcecode.c.objc; path = WXDemoViewController.m; sourceTree = "<group>"; };
		9A09D7901FF2721000585632 /* DemoDefine.h */ = {isa = PBXFileReference; lastKnownFileType = sourcecode.c.h; path = DemoDefine.h; sourceTree = "<group>"; };
		9A09D7951FF27A6200585632 /* index.js */ = {isa = PBXFileReference; fileEncoding = 4; lastKnownFileType = sourcecode.javascript; path = index.js; sourceTree = "<group>"; };
		9A09D7981FF27B2300585632 /* WXEventModule.h */ = {isa = PBXFileReference; fileEncoding = 4; lastKnownFileType = sourcecode.c.h; path = WXEventModule.h; sourceTree = "<group>"; };
		9A09D7991FF27B2300585632 /* WXEventModule.m */ = {isa = PBXFileReference; fileEncoding = 4; lastKnownFileType = sourcecode.c.objc; path = WXEventModule.m; sourceTree = "<group>"; };
		9A09D79C1FF27B5B00585632 /* WXImgLoaderDefaultImpl.h */ = {isa = PBXFileReference; fileEncoding = 4; lastKnownFileType = sourcecode.c.h; path = WXImgLoaderDefaultImpl.h; sourceTree = "<group>"; };
		9A09D79D1FF27B5B00585632 /* WXImgLoaderDefaultImpl.m */ = {isa = PBXFileReference; fileEncoding = 4; lastKnownFileType = sourcecode.c.objc; path = WXImgLoaderDefaultImpl.m; sourceTree = "<group>"; };
		9A09D79F1FF27F9F00585632 /* WXResourceRequestHandlerDemoImpl.m */ = {isa = PBXFileReference; fileEncoding = 4; lastKnownFileType = sourcecode.c.objc; path = WXResourceRequestHandlerDemoImpl.m; sourceTree = "<group>"; };
		9A09D7A01FF27F9F00585632 /* WXResourceRequestHandlerDemoImpl.h */ = {isa = PBXFileReference; fileEncoding = 4; lastKnownFileType = sourcecode.c.h; path = WXResourceRequestHandlerDemoImpl.h; sourceTree = "<group>"; };
		9A09D7A21FF356D900585632 /* WXAppMonitorHandler.h */ = {isa = PBXFileReference; fileEncoding = 4; lastKnownFileType = sourcecode.c.h; path = WXAppMonitorHandler.h; sourceTree = "<group>"; };
		9A09D7A31FF356DA00585632 /* WXAppMonitorHandler.m */ = {isa = PBXFileReference; fileEncoding = 4; lastKnownFileType = sourcecode.c.objc; path = WXAppMonitorHandler.m; sourceTree = "<group>"; };
		C9D522707B463174EC727EEF /* libPods-EMASDemo.a */ = {isa = PBXFileReference; explicitFileType = archive.ar; includeInIndex = 0; path = "libPods-EMASDemo.a"; sourceTree = BUILT_PRODUCTS_DIR; };
/* End PBXFileReference section */

/* Begin PBXFrameworksBuildPhase section */
		7DCA6AECD533289A602A088B /* Frameworks */ = {
			isa = PBXFrameworksBuildPhase;
			buildActionMask = 2147483647;
			files = (
			);
			runOnlyForDeploymentPostprocessing = 0;
		};
		8AA117521FF5E8FE004D4D0A /* Frameworks */ = {
			isa = PBXFrameworksBuildPhase;
			buildActionMask = 2147483647;
			files = (
			);
			runOnlyForDeploymentPostprocessing = 0;
		};
		8ADA95381FD9309400C0EF49 /* Frameworks */ = {
			isa = PBXFrameworksBuildPhase;
			buildActionMask = 2147483647;
			files = (
				8AC0CB6E200312CF00FD44E6 /* MobileCoreServices.framework in Frameworks */,
				8AB1A7BF1FFDDE51007C4675 /* UIKit.framework in Frameworks */,
				7D6260EA1FDA8C8400E856CB /* arp.framework in Frameworks */,
				7D8394A51FDA954400EBB60F /* AlicloudHotFixEmas.framework in Frameworks */,
				F2AEA74CFBBBDD9338DF0F3C /* libPods-EMASDemo.a in Frameworks */,
			);
			runOnlyForDeploymentPostprocessing = 0;
		};
		8ADA95531FD9309400C0EF49 /* Frameworks */ = {
			isa = PBXFrameworksBuildPhase;
			buildActionMask = 2147483647;
			files = (
			);
			runOnlyForDeploymentPostprocessing = 0;
		};
		8ADA955E1FD9309400C0EF49 /* Frameworks */ = {
			isa = PBXFrameworksBuildPhase;
			buildActionMask = 2147483647;
			files = (
			);
			runOnlyForDeploymentPostprocessing = 0;
		};
/* End PBXFrameworksBuildPhase section */

/* Begin PBXGroup section */
		024D3223F0A2D0A415B2F56B /* Pods */ = {
			isa = PBXGroup;
			children = (
				97BD7DEF55A6F7A44C7420EE /* Pods-EMASDemo.debug.xcconfig */,
				0841F49C85C633B167F1BB45 /* Pods-EMASDemo.release.xcconfig */,
			);
			name = Pods;
			sourceTree = "<group>";
		};
		1A65F6231FF2534A00B4573C /* AliHA */ = {
			isa = PBXGroup;
			children = (
				1A65F6241FF253CF00B4573C /* AliHATestCaseViewController.h */,
				1A65F6251FF253CF00B4573C /* AliHATestCaseViewController.mm */,
			);
			path = AliHA;
			sourceTree = "<group>";
		};
		7D6260E11FDA8C5900E856CB /* hotfix */ = {
			isa = PBXGroup;
			children = (
				7D8394A81FDB902900EBB60F /* fix.lua */,
				7D8394A41FDA954400EBB60F /* AlicloudHotFixEmas.framework */,
				7D6260E81FDA8C8400E856CB /* arp.framework */,
				7D6260E21FDA8C5900E856CB /* HFXTestClass.h */,
				7D6260E31FDA8C5900E856CB /* HFXTestClass.m */,
				7D6260E41FDA8C5900E856CB /* HFXViewController.h */,
				7D6260E51FDA8C5900E856CB /* HFXViewController.m */,
			);
			path = hotfix;
			sourceTree = "<group>";
		};
		8AA1174A1FF5E8FD004D4D0A /* EMASWatch */ = {
			isa = PBXGroup;
			children = (
				8AA1174B1FF5E8FD004D4D0A /* Interface.storyboard */,
				8AA1174E1FF5E8FD004D4D0A /* Assets.xcassets */,
				8AA117501FF5E8FD004D4D0A /* Info.plist */,
			);
			path = EMASWatch;
			sourceTree = "<group>";
		};
		8AA117591FF5E8FE004D4D0A /* EMASWatch Extension */ = {
			isa = PBXGroup;
			children = (
				8AA1175A1FF5E8FE004D4D0A /* InterfaceController.h */,
				8AA1175B1FF5E8FE004D4D0A /* InterfaceController.m */,
				8AA1175D1FF5E8FE004D4D0A /* ExtensionDelegate.h */,
				8AA1175E1FF5E8FE004D4D0A /* ExtensionDelegate.m */,
				8AA117601FF5E8FE004D4D0A /* NotificationController.h */,
				8AA117611FF5E8FE004D4D0A /* NotificationController.m */,
				8AA117631FF5E8FE004D4D0A /* Assets.xcassets */,
				8AA117651FF5E8FE004D4D0A /* Info.plist */,
				8AA117661FF5E8FE004D4D0A /* PushNotificationPayload.apns */,
			);
			path = "EMASWatch Extension";
			sourceTree = "<group>";
		};
		8AC0CB70200317A000FD44E6 /* source */ = {
			isa = PBXGroup;
			children = (
				8AC0CB71200317A000FD44E6 /* WXRecorder.h */,
				8AC0CB72200317A000FD44E6 /* WXCrashReporter.m */,
				8AC0CB73200317A000FD44E6 /* WXCrashReporter.h */,
				8AC0CB74200317A000FD44E6 /* WXRecorder.m */,
			);
			path = source;
			sourceTree = "<group>";
		};
		8ADA95321FD9309400C0EF49 = {
			isa = PBXGroup;
			children = (
				8ADA953D1FD9309400C0EF49 /* EMASDemo */,
				8ADA95591FD9309400C0EF49 /* EMASDemoTests */,
				8ADA95641FD9309400C0EF49 /* EMASDemoUITests */,
				8AA1174A1FF5E8FD004D4D0A /* EMASWatch */,
				8AA117591FF5E8FE004D4D0A /* EMASWatch Extension */,
				8ADA953C1FD9309400C0EF49 /* Products */,
				024D3223F0A2D0A415B2F56B /* Pods */,
				D270D82292708B86B2F528C3 /* Frameworks */,
			);
			sourceTree = "<group>";
		};
		8ADA953C1FD9309400C0EF49 /* Products */ = {
			isa = PBXGroup;
			children = (
				8ADA953B1FD9309400C0EF49 /* EMASDemo.app */,
				8ADA95561FD9309400C0EF49 /* EMASDemoTests.xctest */,
				8ADA95611FD9309400C0EF49 /* EMASDemoUITests.xctest */,
				8AA117491FF5E8FD004D4D0A /* EMASWatch.app */,
				8AA117551FF5E8FE004D4D0A /* EMASWatch Extension.appex */,
			);
			name = Products;
			sourceTree = "<group>";
		};
		8ADA953D1FD9309400C0EF49 /* EMASDemo */ = {
			isa = PBXGroup;
			children = (
				8A69B606200C8E5F0073756D /* AliyunEmasServices-Info.plist */,
				8A69B608200C8F980073756D /* EMASService.h */,
				8A69B609200C8F980073756D /* EMASService.m */,
				8AC0CB70200317A000FD44E6 /* source */,
				8AA117461FF5E59F004D4D0A /* EMASDemo.entitlements */,
				1A65F6231FF2534A00B4573C /* AliHA */,
				7D6260E11FDA8C5900E856CB /* hotfix */,
				8ADA953E1FD9309400C0EF49 /* AppDelegate.h */,
				8ADA953F1FD9309400C0EF49 /* AppDelegate.m */,
				8ADA95411FD9309400C0EF49 /* FirstViewController.h */,
				8ADA95421FD9309400C0EF49 /* FirstViewController.m */,
				8ADA95441FD9309400C0EF49 /* SecondViewController.h */,
				8ADA95451FD9309400C0EF49 /* SecondViewController.m */,
				9A09D7861FF270D600585632 /* Scanner */,
				8ADA95471FD9309400C0EF49 /* Main.storyboard */,
				8ADA954A1FD9309400C0EF49 /* Assets.xcassets */,
				8ADA954C1FD9309400C0EF49 /* LaunchScreen.storyboard */,
				8ADA954F1FD9309400C0EF49 /* Info.plist */,
				8ADA95501FD9309400C0EF49 /* main.m */,
				8ADA95731FDA3BA300C0EF49 /* FirstTableViewController.h */,
				8ADA95741FDA3BA300C0EF49 /* FirstTableViewController.m */,
				8ADA95761FDA3BB000C0EF49 /* SecondTableViewController.h */,
				8ADA95771FDA3BB000C0EF49 /* SecondTableViewController.m */,
				9A09D78B1FF270FD00585632 /* UIViewController+WXDemoNaviBar.h */,
				9A09D78A1FF270FD00585632 /* UIViewController+WXDemoNaviBar.m */,
				9A09D78D1FF2719600585632 /* WXDemoViewController.h */,
				9A09D78E1FF2719700585632 /* WXDemoViewController.m */,
				9A09D7901FF2721000585632 /* DemoDefine.h */,
				9A09D79B1FF27B5B00585632 /* handler */,
				9A09D7971FF27B2300585632 /* module */,
				9A09D7941FF27A6200585632 /* bundlejs */,
				8A0922F0207A4A8500AA71FA /* AppConfigTableViewController.h */,
				8A0922F1207A4A8500AA71FA /* AppConfigTableViewController.m */,
				8A0922F3207B0B9800AA71FA /* MtopVerifyTableViewController.h */,
				8A0922F4207B0B9800AA71FA /* MtopVerifyTableViewController.m */,
				981DC5D620998B53006472AF /* MtopResultViewController.h */,
				981DC5D720998B53006472AF /* MtopResultViewController.m */,
			);
			path = EMASDemo;
			sourceTree = "<group>";
		};
		8ADA95591FD9309400C0EF49 /* EMASDemoTests */ = {
			isa = PBXGroup;
			children = (
				8ADA955A1FD9309400C0EF49 /* EMASDemoTests.m */,
				8ADA955C1FD9309400C0EF49 /* Info.plist */,
			);
			path = EMASDemoTests;
			sourceTree = "<group>";
		};
		8ADA95641FD9309400C0EF49 /* EMASDemoUITests */ = {
			isa = PBXGroup;
			children = (
				8ADA95651FD9309400C0EF49 /* EMASDemoUITests.m */,
				8ADA95671FD9309400C0EF49 /* Info.plist */,
			);
			path = EMASDemoUITests;
			sourceTree = "<group>";
		};
		9A09D7861FF270D600585632 /* Scanner */ = {
			isa = PBXGroup;
			children = (
				9A09D7871FF270D600585632 /* WXScannerVC.h */,
				9A09D7881FF270D600585632 /* WXScannerVC.m */,
			);
			path = Scanner;
			sourceTree = "<group>";
		};
		9A09D7941FF27A6200585632 /* bundlejs */ = {
			isa = PBXGroup;
			children = (
				9A09D7951FF27A6200585632 /* index.js */,
			);
			path = bundlejs;
			sourceTree = "<group>";
		};
		9A09D7971FF27B2300585632 /* module */ = {
			isa = PBXGroup;
			children = (
				9A09D7981FF27B2300585632 /* WXEventModule.h */,
				9A09D7991FF27B2300585632 /* WXEventModule.m */,
			);
			path = module;
			sourceTree = "<group>";
		};
		9A09D79B1FF27B5B00585632 /* handler */ = {
			isa = PBXGroup;
			children = (
				8ABD97DA1FF4F78700469557 /* WXCrashAdapterHandler.h */,
				8ABD97DC1FF4F7C400469557 /* WXCrashAdapterHandler.m */,
				9A09D7A21FF356D900585632 /* WXAppMonitorHandler.h */,
				9A09D7A31FF356DA00585632 /* WXAppMonitorHandler.m */,
				9A09D7A01FF27F9F00585632 /* WXResourceRequestHandlerDemoImpl.h */,
				9A09D79F1FF27F9F00585632 /* WXResourceRequestHandlerDemoImpl.m */,
				9A09D79C1FF27B5B00585632 /* WXImgLoaderDefaultImpl.h */,
				9A09D79D1FF27B5B00585632 /* WXImgLoaderDefaultImpl.m */,
			);
			path = handler;
			sourceTree = "<group>";
		};
		D270D82292708B86B2F528C3 /* Frameworks */ = {
			isa = PBXGroup;
			children = (
				8AC0CB6D200312CF00FD44E6 /* MobileCoreServices.framework */,
				8AB1A7BE1FFDDE50007C4675 /* UIKit.framework */,
				C9D522707B463174EC727EEF /* libPods-EMASDemo.a */,
			);
			name = Frameworks;
			sourceTree = "<group>";
		};
/* End PBXGroup section */

/* Begin PBXNativeTarget section */
		8AA117481FF5E8FD004D4D0A /* EMASWatch */ = {
			isa = PBXNativeTarget;
			buildConfigurationList = 8AA1176E1FF5E8FE004D4D0A /* Build configuration list for PBXNativeTarget "EMASWatch" */;
			buildPhases = (
				8AA117471FF5E8FD004D4D0A /* Resources */,
				8AA1176D1FF5E8FE004D4D0A /* Embed App Extensions */,
				7DCA6AECD533289A602A088B /* Frameworks */,
			);
			buildRules = (
			);
			dependencies = (
				8AA117581FF5E8FE004D4D0A /* PBXTargetDependency */,
			);
			name = EMASWatch;
			productName = EMASWatch;
			productReference = 8AA117491FF5E8FD004D4D0A /* EMASWatch.app */;
			productType = "com.apple.product-type.application.watchapp2";
		};
		8AA117541FF5E8FE004D4D0A /* EMASWatch Extension */ = {
			isa = PBXNativeTarget;
			buildConfigurationList = 8AA1176A1FF5E8FE004D4D0A /* Build configuration list for PBXNativeTarget "EMASWatch Extension" */;
			buildPhases = (
				8AA117511FF5E8FE004D4D0A /* Sources */,
				8AA117521FF5E8FE004D4D0A /* Frameworks */,
				8AA117531FF5E8FE004D4D0A /* Resources */,
			);
			buildRules = (
			);
			dependencies = (
			);
			name = "EMASWatch Extension";
			productName = "EMASWatch Extension";
			productReference = 8AA117551FF5E8FE004D4D0A /* EMASWatch Extension.appex */;
			productType = "com.apple.product-type.watchkit2-extension";
		};
		8ADA953A1FD9309400C0EF49 /* EMASDemo */ = {
			isa = PBXNativeTarget;
			buildConfigurationList = 8ADA956A1FD9309400C0EF49 /* Build configuration list for PBXNativeTarget "EMASDemo" */;
			buildPhases = (
				825039DA85D5B5D38C35EE8C /* [CP] Check Pods Manifest.lock */,
				579AA850E8214768859E3DFA /* [CP] Check Pods Manifest.lock */,
				D784AF3C3C4686A8D23CC66A /* [CP] Check Pods Manifest.lock */,
				8ADA95371FD9309400C0EF49 /* Sources */,
				8ADA95381FD9309400C0EF49 /* Frameworks */,
				8ADA95391FD9309400C0EF49 /* Resources */,
				D47B822F9483FC07D73F6724 /* [CP] Embed Pods Frameworks */,
				AA85B2CA3C2F5806D1BDF7DB /* [CP] Copy Pods Resources */,
				15906AA9638B4256D860D7CE /* 📦 Embed Pods Frameworks */,
				67DAC7CF7E1FB0DDB324BBC0 /* 📦 Copy Pods Resources */,
				8ABD97BD1FF4D55700469557 /* Embed Watch Content */,
			);
			buildRules = (
			);
			dependencies = (
				8AA117681FF5E8FE004D4D0A /* PBXTargetDependency */,
			);
			name = EMASDemo;
			productName = EMASDemo;
			productReference = 8ADA953B1FD9309400C0EF49 /* EMASDemo.app */;
			productType = "com.apple.product-type.application";
		};
		8ADA95551FD9309400C0EF49 /* EMASDemoTests */ = {
			isa = PBXNativeTarget;
			buildConfigurationList = 8ADA956D1FD9309400C0EF49 /* Build configuration list for PBXNativeTarget "EMASDemoTests" */;
			buildPhases = (
				8ADA95521FD9309400C0EF49 /* Sources */,
				8ADA95531FD9309400C0EF49 /* Frameworks */,
				8ADA95541FD9309400C0EF49 /* Resources */,
			);
			buildRules = (
			);
			dependencies = (
				8ADA95581FD9309400C0EF49 /* PBXTargetDependency */,
			);
			name = EMASDemoTests;
			productName = EMASDemoTests;
			productReference = 8ADA95561FD9309400C0EF49 /* EMASDemoTests.xctest */;
			productType = "com.apple.product-type.bundle.unit-test";
		};
		8ADA95601FD9309400C0EF49 /* EMASDemoUITests */ = {
			isa = PBXNativeTarget;
			buildConfigurationList = 8ADA95701FD9309400C0EF49 /* Build configuration list for PBXNativeTarget "EMASDemoUITests" */;
			buildPhases = (
				8ADA955D1FD9309400C0EF49 /* Sources */,
				8ADA955E1FD9309400C0EF49 /* Frameworks */,
				8ADA955F1FD9309400C0EF49 /* Resources */,
			);
			buildRules = (
			);
			dependencies = (
				8ADA95631FD9309400C0EF49 /* PBXTargetDependency */,
			);
			name = EMASDemoUITests;
			productName = EMASDemoUITests;
			productReference = 8ADA95611FD9309400C0EF49 /* EMASDemoUITests.xctest */;
			productType = "com.apple.product-type.bundle.ui-testing";
		};
/* End PBXNativeTarget section */

/* Begin PBXProject section */
		8ADA95331FD9309400C0EF49 /* Project object */ = {
			isa = PBXProject;
			attributes = {
				LastUpgradeCheck = 0900;
				ORGANIZATIONNAME = zhishui.lcq;
				TargetAttributes = {
					8AA117481FF5E8FD004D4D0A = {
						CreatedOnToolsVersion = 9.2;
						ProvisioningStyle = Manual;
					};
					8AA117541FF5E8FE004D4D0A = {
						CreatedOnToolsVersion = 9.2;
						ProvisioningStyle = Manual;
					};
					8ADA953A1FD9309400C0EF49 = {
						CreatedOnToolsVersion = 9.0;
						ProvisioningStyle = Manual;
						SystemCapabilities = {
							com.apple.ApplicationGroups.iOS = {
								enabled = 0;
							};
						};
					};
					8ADA95551FD9309400C0EF49 = {
						CreatedOnToolsVersion = 9.0;
						ProvisioningStyle = Automatic;
						TestTargetID = 8ADA953A1FD9309400C0EF49;
					};
					8ADA95601FD9309400C0EF49 = {
						CreatedOnToolsVersion = 9.0;
						ProvisioningStyle = Automatic;
						TestTargetID = 8ADA953A1FD9309400C0EF49;
					};
				};
			};
			buildConfigurationList = 8ADA95361FD9309400C0EF49 /* Build configuration list for PBXProject "EMASDemo" */;
			compatibilityVersion = "Xcode 8.0";
			developmentRegion = en;
			hasScannedForEncodings = 0;
			knownRegions = (
				en,
				Base,
			);
			mainGroup = 8ADA95321FD9309400C0EF49;
			productRefGroup = 8ADA953C1FD9309400C0EF49 /* Products */;
			projectDirPath = "";
			projectRoot = "";
			targets = (
				8ADA953A1FD9309400C0EF49 /* EMASDemo */,
				8ADA95551FD9309400C0EF49 /* EMASDemoTests */,
				8ADA95601FD9309400C0EF49 /* EMASDemoUITests */,
				8AA117481FF5E8FD004D4D0A /* EMASWatch */,
				8AA117541FF5E8FE004D4D0A /* EMASWatch Extension */,
			);
		};
/* End PBXProject section */

/* Begin PBXResourcesBuildPhase section */
		8AA117471FF5E8FD004D4D0A /* Resources */ = {
			isa = PBXResourcesBuildPhase;
			buildActionMask = 2147483647;
			files = (
				8AA1174F1FF5E8FD004D4D0A /* Assets.xcassets in Resources */,
				8AA1174D1FF5E8FD004D4D0A /* Interface.storyboard in Resources */,
			);
			runOnlyForDeploymentPostprocessing = 0;
		};
		8AA117531FF5E8FE004D4D0A /* Resources */ = {
			isa = PBXResourcesBuildPhase;
			buildActionMask = 2147483647;
			files = (
				8AA117641FF5E8FE004D4D0A /* Assets.xcassets in Resources */,
			);
			runOnlyForDeploymentPostprocessing = 0;
		};
		8ADA95391FD9309400C0EF49 /* Resources */ = {
			isa = PBXResourcesBuildPhase;
			buildActionMask = 2147483647;
			files = (
				8ADA954E1FD9309400C0EF49 /* LaunchScreen.storyboard in Resources */,
				8ADA954B1FD9309400C0EF49 /* Assets.xcassets in Resources */,
				7D8394A91FDB902900EBB60F /* fix.lua in Resources */,
				9A09D7961FF27A6200585632 /* index.js in Resources */,
				8ADA95491FD9309400C0EF49 /* Main.storyboard in Resources */,
				8A69B607200C8E5F0073756D /* AliyunEmasServices-Info.plist in Resources */,
			);
			runOnlyForDeploymentPostprocessing = 0;
		};
		8ADA95541FD9309400C0EF49 /* Resources */ = {
			isa = PBXResourcesBuildPhase;
			buildActionMask = 2147483647;
			files = (
			);
			runOnlyForDeploymentPostprocessing = 0;
		};
		8ADA955F1FD9309400C0EF49 /* Resources */ = {
			isa = PBXResourcesBuildPhase;
			buildActionMask = 2147483647;
			files = (
			);
			runOnlyForDeploymentPostprocessing = 0;
		};
/* End PBXResourcesBuildPhase section */

/* Begin PBXShellScriptBuildPhase section */
		15906AA9638B4256D860D7CE /* 📦 Embed Pods Frameworks */ = {
			isa = PBXShellScriptBuildPhase;
			buildActionMask = 2147483647;
			files = (
			);
			inputPaths = (
			);
			name = "📦 Embed Pods Frameworks";
			outputPaths = (
			);
			runOnlyForDeploymentPostprocessing = 0;
			shellPath = /bin/sh;
			shellScript = "\"${SRCROOT}/Pods/Target Support Files/Pods-EMASDemo/Pods-EMASDemo-frameworks.sh\"\n";
			showEnvVarsInLog = 0;
		};
		579AA850E8214768859E3DFA /* [CP] Check Pods Manifest.lock */ = {
			isa = PBXShellScriptBuildPhase;
			buildActionMask = 2147483647;
			files = (
			);
			inputPaths = (
			);
			name = "[CP] Check Pods Manifest.lock";
			outputPaths = (
			);
			runOnlyForDeploymentPostprocessing = 0;
			shellPath = /bin/sh;
			shellScript = "diff \"${PODS_ROOT}/../Podfile.lock\" \"${PODS_ROOT}/Manifest.lock\" > /dev/null\nif [ $? != 0 ] ; then\n    # print error to STDERR\n    echo \"error: The sandbox is not in sync with the Podfile.lock. Run 'pod install' or update your CocoaPods installation.\" >&2\n    exit 1\nfi\n";
			showEnvVarsInLog = 0;
		};
		67DAC7CF7E1FB0DDB324BBC0 /* 📦 Copy Pods Resources */ = {
			isa = PBXShellScriptBuildPhase;
			buildActionMask = 2147483647;
			files = (
			);
			inputPaths = (
			);
			name = "📦 Copy Pods Resources";
			outputPaths = (
			);
			runOnlyForDeploymentPostprocessing = 0;
			shellPath = /bin/sh;
			shellScript = "\"${SRCROOT}/Pods/Target Support Files/Pods-EMASDemo/Pods-EMASDemo-resources.sh\"\n";
			showEnvVarsInLog = 0;
		};
		825039DA85D5B5D38C35EE8C /* [CP] Check Pods Manifest.lock */ = {
			isa = PBXShellScriptBuildPhase;
			buildActionMask = 2147483647;
			files = (
			);
			inputPaths = (
			);
			name = "[CP] Check Pods Manifest.lock";
			outputPaths = (
			);
			runOnlyForDeploymentPostprocessing = 0;
			shellPath = /bin/sh;
			shellScript = "diff \"${PODS_PODFILE_DIR_PATH}/Podfile.lock\" \"${PODS_ROOT}/Manifest.lock\" > /dev/null\nif [ $? != 0 ] ; then\n    # print error to STDERR\n    echo \"error: The sandbox is not in sync with the Podfile.lock. Run 'pod install' or update your CocoaPods installation.\" >&2\n    exit 1\nfi\n";
			showEnvVarsInLog = 0;
		};
		AA85B2CA3C2F5806D1BDF7DB /* [CP] Copy Pods Resources */ = {
			isa = PBXShellScriptBuildPhase;
			buildActionMask = 2147483647;
			files = (
			);
			inputPaths = (
				"${SRCROOT}/Pods/Target Support Files/Pods-EMASDemo/Pods-EMASDemo-resources.sh",
				"${PODS_ROOT}/WeexSDK/pre-build/native-bundle-main.js",
				"${PODS_ROOT}/WeexSDK/ios/sdk/WeexSDK/Resources/wx_load_error@3x.png",
			);
			name = "[CP] Copy Pods Resources";
			outputPaths = (
				"${TARGET_BUILD_DIR}/${UNLOCALIZED_RESOURCES_FOLDER_PATH}",
			);
			runOnlyForDeploymentPostprocessing = 0;
			shellPath = /bin/sh;
			shellScript = "\"${SRCROOT}/Pods/Target Support Files/Pods-EMASDemo/Pods-EMASDemo-resources.sh\"\n";
			showEnvVarsInLog = 0;
		};
		D47B822F9483FC07D73F6724 /* [CP] Embed Pods Frameworks */ = {
			isa = PBXShellScriptBuildPhase;
			buildActionMask = 2147483647;
			files = (
			);
			inputPaths = (
			);
			name = "[CP] Embed Pods Frameworks";
			outputPaths = (
			);
			runOnlyForDeploymentPostprocessing = 0;
			shellPath = /bin/sh;
			shellScript = "\"${SRCROOT}/Pods/Target Support Files/Pods-EMASDemo/Pods-EMASDemo-frameworks.sh\"\n";
			showEnvVarsInLog = 0;
		};
		D784AF3C3C4686A8D23CC66A /* [CP] Check Pods Manifest.lock */ = {
			isa = PBXShellScriptBuildPhase;
			buildActionMask = 2147483647;
			files = (
			);
			inputPaths = (
				"${PODS_PODFILE_DIR_PATH}/Podfile.lock",
				"${PODS_ROOT}/Manifest.lock",
			);
			name = "[CP] Check Pods Manifest.lock";
			outputPaths = (
				"$(DERIVED_FILE_DIR)/Pods-EMASDemo-checkManifestLockResult.txt",
			);
			runOnlyForDeploymentPostprocessing = 0;
			shellPath = /bin/sh;
			shellScript = "diff \"${PODS_ROOT}/../Podfile.lock\" \"${PODS_ROOT}/Manifest.lock\" > /dev/null\nif [ $? != 0 ] ; then\n    # print error to STDERR\n    echo \"error: The sandbox is not in sync with the Podfile.lock. Run 'pod install' or update your CocoaPods installation.\" >&2\n    exit 1\nfi\n";
			showEnvVarsInLog = 0;
		};
/* End PBXShellScriptBuildPhase section */

/* Begin PBXSourcesBuildPhase section */
		8AA117511FF5E8FE004D4D0A /* Sources */ = {
			isa = PBXSourcesBuildPhase;
			buildActionMask = 2147483647;
			files = (
				8AA1175F1FF5E8FE004D4D0A /* ExtensionDelegate.m in Sources */,
				8AA1175C1FF5E8FE004D4D0A /* InterfaceController.m in Sources */,
				8AA117621FF5E8FE004D4D0A /* NotificationController.m in Sources */,
			);
			runOnlyForDeploymentPostprocessing = 0;
		};
		8ADA95371FD9309400C0EF49 /* Sources */ = {
			isa = PBXSourcesBuildPhase;
			buildActionMask = 2147483647;
			files = (
				8AC0CB76200317A000FD44E6 /* WXRecorder.m in Sources */,
				1A65F6261FF253CF00B4573C /* AliHATestCaseViewController.mm in Sources */,
				981DC5D820998B53006472AF /* MtopResultViewController.m in Sources */,
				8ADA95461FD9309400C0EF49 /* SecondViewController.m in Sources */,
				8ADA95401FD9309400C0EF49 /* AppDelegate.m in Sources */,
				9A09D79E1FF27B5B00585632 /* WXImgLoaderDefaultImpl.m in Sources */,
				8ADA95751FDA3BA300C0EF49 /* FirstTableViewController.m in Sources */,
				9A09D7A11FF27F9F00585632 /* WXResourceRequestHandlerDemoImpl.m in Sources */,
				9A09D78C1FF270FD00585632 /* UIViewController+WXDemoNaviBar.m in Sources */,
				8ABD97DD1FF4F7C400469557 /* WXCrashAdapterHandler.m in Sources */,
				9A09D79A1FF27B2400585632 /* WXEventModule.m in Sources */,
				8A0922F5207B0B9800AA71FA /* MtopVerifyTableViewController.m in Sources */,
				7D6260E71FDA8C5A00E856CB /* HFXViewController.m in Sources */,
				9A09D7A41FF356DA00585632 /* WXAppMonitorHandler.m in Sources */,
				9A09D7891FF270D600585632 /* WXScannerVC.m in Sources */,
				8ADA95511FD9309400C0EF49 /* main.m in Sources */,
				9A09D78F1FF2719700585632 /* WXDemoViewController.m in Sources */,
				8A0922F2207A4A8500AA71FA /* AppConfigTableViewController.m in Sources */,
				7D6260E61FDA8C5A00E856CB /* HFXTestClass.m in Sources */,
				8A69B60A200C8F980073756D /* EMASService.m in Sources */,
				8ADA95431FD9309400C0EF49 /* FirstViewController.m in Sources */,
				8ADA95781FDA3BB000C0EF49 /* SecondTableViewController.m in Sources */,
				8AC0CB75200317A000FD44E6 /* WXCrashReporter.m in Sources */,
			);
			runOnlyForDeploymentPostprocessing = 0;
		};
		8ADA95521FD9309400C0EF49 /* Sources */ = {
			isa = PBXSourcesBuildPhase;
			buildActionMask = 2147483647;
			files = (
				8ADA955B1FD9309400C0EF49 /* EMASDemoTests.m in Sources */,
			);
			runOnlyForDeploymentPostprocessing = 0;
		};
		8ADA955D1FD9309400C0EF49 /* Sources */ = {
			isa = PBXSourcesBuildPhase;
			buildActionMask = 2147483647;
			files = (
				8ADA95661FD9309400C0EF49 /* EMASDemoUITests.m in Sources */,
			);
			runOnlyForDeploymentPostprocessing = 0;
		};
/* End PBXSourcesBuildPhase section */

/* Begin PBXTargetDependency section */
		8AA117581FF5E8FE004D4D0A /* PBXTargetDependency */ = {
			isa = PBXTargetDependency;
			target = 8AA117541FF5E8FE004D4D0A /* EMASWatch Extension */;
			targetProxy = 8AA117571FF5E8FE004D4D0A /* PBXContainerItemProxy */;
		};
		8AA117681FF5E8FE004D4D0A /* PBXTargetDependency */ = {
			isa = PBXTargetDependency;
			target = 8AA117481FF5E8FD004D4D0A /* EMASWatch */;
			targetProxy = 8AA117671FF5E8FE004D4D0A /* PBXContainerItemProxy */;
		};
		8ADA95581FD9309400C0EF49 /* PBXTargetDependency */ = {
			isa = PBXTargetDependency;
			target = 8ADA953A1FD9309400C0EF49 /* EMASDemo */;
			targetProxy = 8ADA95571FD9309400C0EF49 /* PBXContainerItemProxy */;
		};
		8ADA95631FD9309400C0EF49 /* PBXTargetDependency */ = {
			isa = PBXTargetDependency;
			target = 8ADA953A1FD9309400C0EF49 /* EMASDemo */;
			targetProxy = 8ADA95621FD9309400C0EF49 /* PBXContainerItemProxy */;
		};
/* End PBXTargetDependency section */

/* Begin PBXVariantGroup section */
		8AA1174B1FF5E8FD004D4D0A /* Interface.storyboard */ = {
			isa = PBXVariantGroup;
			children = (
				8AA1174C1FF5E8FD004D4D0A /* Base */,
			);
			name = Interface.storyboard;
			sourceTree = "<group>";
		};
		8ADA95471FD9309400C0EF49 /* Main.storyboard */ = {
			isa = PBXVariantGroup;
			children = (
				8ADA95481FD9309400C0EF49 /* Base */,
			);
			name = Main.storyboard;
			sourceTree = "<group>";
		};
		8ADA954C1FD9309400C0EF49 /* LaunchScreen.storyboard */ = {
			isa = PBXVariantGroup;
			children = (
				8ADA954D1FD9309400C0EF49 /* Base */,
			);
			name = LaunchScreen.storyboard;
			sourceTree = "<group>";
		};
/* End PBXVariantGroup section */

/* Begin XCBuildConfiguration section */
		8AA1176B1FF5E8FE004D4D0A /* Debug */ = {
			isa = XCBuildConfiguration;
			buildSettings = {
				ASSETCATALOG_COMPILER_COMPLICATION_NAME = Complication;
				"CODE_SIGN_IDENTITY[sdk=watchos*]" = "iPhone Developer";
				CODE_SIGN_STYLE = Manual;
				DEVELOPMENT_TEAM = "";
				INFOPLIST_FILE = "EMASWatch Extension/Info.plist";
				LD_RUNPATH_SEARCH_PATHS = "$(inherited) @executable_path/Frameworks @executable_path/../../Frameworks";
				PRODUCT_BUNDLE_IDENTIFIER = com.emas.poc.watchkitapp.watchkitextension;
				PRODUCT_NAME = "${TARGET_NAME}";
				PROVISIONING_PROFILE_SPECIFIER = "";
				SDKROOT = watchos;
				SKIP_INSTALL = YES;
				TARGETED_DEVICE_FAMILY = 4;
				WATCHOS_DEPLOYMENT_TARGET = 4.2;
			};
			name = Debug;
		};
		8AA1176C1FF5E8FE004D4D0A /* Release */ = {
			isa = XCBuildConfiguration;
			buildSettings = {
				ASSETCATALOG_COMPILER_COMPLICATION_NAME = Complication;
				"CODE_SIGN_IDENTITY[sdk=watchos*]" = "iPhone Developer";
				CODE_SIGN_STYLE = Manual;
				DEVELOPMENT_TEAM = "";
				INFOPLIST_FILE = "EMASWatch Extension/Info.plist";
				LD_RUNPATH_SEARCH_PATHS = "$(inherited) @executable_path/Frameworks @executable_path/../../Frameworks";
				PRODUCT_BUNDLE_IDENTIFIER = com.emas.poc.watchkitapp.watchkitextension;
				PRODUCT_NAME = "${TARGET_NAME}";
				PROVISIONING_PROFILE_SPECIFIER = "";
				SDKROOT = watchos;
				SKIP_INSTALL = YES;
				TARGETED_DEVICE_FAMILY = 4;
				WATCHOS_DEPLOYMENT_TARGET = 4.2;
			};
			name = Release;
		};
		8AA1176F1FF5E8FE004D4D0A /* Debug */ = {
			isa = XCBuildConfiguration;
			buildSettings = {
				ASSETCATALOG_COMPILER_APPICON_NAME = AppIcon;
				"CODE_SIGN_IDENTITY[sdk=watchos*]" = "iPhone Developer";
				CODE_SIGN_STYLE = Manual;
				DEVELOPMENT_TEAM = "";
				IBSC_MODULE = EMASWatch_Extension;
				INFOPLIST_FILE = EMASWatch/Info.plist;
				PRODUCT_BUNDLE_IDENTIFIER = com.emas.poc.watchkitapp;
				PRODUCT_NAME = "$(TARGET_NAME)";
				PROVISIONING_PROFILE_SPECIFIER = "";
				SDKROOT = watchos;
				SKIP_INSTALL = YES;
				TARGETED_DEVICE_FAMILY = 4;
				WATCHOS_DEPLOYMENT_TARGET = 4.2;
			};
			name = Debug;
		};
		8AA117701FF5E8FE004D4D0A /* Release */ = {
			isa = XCBuildConfiguration;
			buildSettings = {
				ASSETCATALOG_COMPILER_APPICON_NAME = AppIcon;
				"CODE_SIGN_IDENTITY[sdk=watchos*]" = "iPhone Developer";
				CODE_SIGN_STYLE = Manual;
				DEVELOPMENT_TEAM = "";
				IBSC_MODULE = EMASWatch_Extension;
				INFOPLIST_FILE = EMASWatch/Info.plist;
				PRODUCT_BUNDLE_IDENTIFIER = com.emas.poc.watchkitapp;
				PRODUCT_NAME = "$(TARGET_NAME)";
				PROVISIONING_PROFILE_SPECIFIER = "";
				SDKROOT = watchos;
				SKIP_INSTALL = YES;
				TARGETED_DEVICE_FAMILY = 4;
				WATCHOS_DEPLOYMENT_TARGET = 4.2;
			};
			name = Release;
		};
		8ADA95681FD9309400C0EF49 /* Debug */ = {
			isa = XCBuildConfiguration;
			buildSettings = {
				ALWAYS_SEARCH_USER_PATHS = NO;
				CLANG_ANALYZER_NONNULL = YES;
				CLANG_ANALYZER_NUMBER_OBJECT_CONVERSION = YES_AGGRESSIVE;
				CLANG_CXX_LANGUAGE_STANDARD = "gnu++14";
				CLANG_CXX_LIBRARY = "libc++";
				CLANG_ENABLE_MODULES = YES;
				CLANG_ENABLE_OBJC_ARC = YES;
				CLANG_WARN_BLOCK_CAPTURE_AUTORELEASING = YES;
				CLANG_WARN_BOOL_CONVERSION = YES;
				CLANG_WARN_COMMA = YES;
				CLANG_WARN_CONSTANT_CONVERSION = YES;
				CLANG_WARN_DIRECT_OBJC_ISA_USAGE = YES_ERROR;
				CLANG_WARN_DOCUMENTATION_COMMENTS = YES;
				CLANG_WARN_EMPTY_BODY = YES;
				CLANG_WARN_ENUM_CONVERSION = YES;
				CLANG_WARN_INFINITE_RECURSION = YES;
				CLANG_WARN_INT_CONVERSION = YES;
				CLANG_WARN_NON_LITERAL_NULL_CONVERSION = YES;
				CLANG_WARN_OBJC_LITERAL_CONVERSION = YES;
				CLANG_WARN_OBJC_ROOT_CLASS = YES_ERROR;
				CLANG_WARN_RANGE_LOOP_ANALYSIS = YES;
				CLANG_WARN_STRICT_PROTOTYPES = YES;
				CLANG_WARN_SUSPICIOUS_MOVE = YES;
				CLANG_WARN_UNGUARDED_AVAILABILITY = YES_AGGRESSIVE;
				CLANG_WARN_UNREACHABLE_CODE = YES;
				CLANG_WARN__DUPLICATE_METHOD_MATCH = YES;
				CODE_SIGN_IDENTITY = "iPhone Developer";
				COPY_PHASE_STRIP = NO;
				DEBUG_INFORMATION_FORMAT = dwarf;
				ENABLE_STRICT_OBJC_MSGSEND = YES;
				ENABLE_TESTABILITY = YES;
				GCC_C_LANGUAGE_STANDARD = gnu11;
				GCC_DYNAMIC_NO_PIC = NO;
				GCC_NO_COMMON_BLOCKS = YES;
				GCC_OPTIMIZATION_LEVEL = 0;
				GCC_PREPROCESSOR_DEFINITIONS = (
					"DEBUG=1",
					"$(inherited)",
				);
				GCC_WARN_64_TO_32_BIT_CONVERSION = YES;
				GCC_WARN_ABOUT_RETURN_TYPE = YES_ERROR;
				GCC_WARN_UNDECLARED_SELECTOR = YES;
				GCC_WARN_UNINITIALIZED_AUTOS = YES_AGGRESSIVE;
				GCC_WARN_UNUSED_FUNCTION = YES;
				GCC_WARN_UNUSED_VARIABLE = YES;
				IPHONEOS_DEPLOYMENT_TARGET = 11.0;
				MTL_ENABLE_DEBUG_INFO = YES;
				ONLY_ACTIVE_ARCH = YES;
				SDKROOT = iphoneos;
			};
			name = Debug;
		};
		8ADA95691FD9309400C0EF49 /* Release */ = {
			isa = XCBuildConfiguration;
			buildSettings = {
				ALWAYS_SEARCH_USER_PATHS = NO;
				CLANG_ANALYZER_NONNULL = YES;
				CLANG_ANALYZER_NUMBER_OBJECT_CONVERSION = YES_AGGRESSIVE;
				CLANG_CXX_LANGUAGE_STANDARD = "gnu++14";
				CLANG_CXX_LIBRARY = "libc++";
				CLANG_ENABLE_MODULES = YES;
				CLANG_ENABLE_OBJC_ARC = YES;
				CLANG_WARN_BLOCK_CAPTURE_AUTORELEASING = YES;
				CLANG_WARN_BOOL_CONVERSION = YES;
				CLANG_WARN_COMMA = YES;
				CLANG_WARN_CONSTANT_CONVERSION = YES;
				CLANG_WARN_DIRECT_OBJC_ISA_USAGE = YES_ERROR;
				CLANG_WARN_DOCUMENTATION_COMMENTS = YES;
				CLANG_WARN_EMPTY_BODY = YES;
				CLANG_WARN_ENUM_CONVERSION = YES;
				CLANG_WARN_INFINITE_RECURSION = YES;
				CLANG_WARN_INT_CONVERSION = YES;
				CLANG_WARN_NON_LITERAL_NULL_CONVERSION = YES;
				CLANG_WARN_OBJC_LITERAL_CONVERSION = YES;
				CLANG_WARN_OBJC_ROOT_CLASS = YES_ERROR;
				CLANG_WARN_RANGE_LOOP_ANALYSIS = YES;
				CLANG_WARN_STRICT_PROTOTYPES = YES;
				CLANG_WARN_SUSPICIOUS_MOVE = YES;
				CLANG_WARN_UNGUARDED_AVAILABILITY = YES_AGGRESSIVE;
				CLANG_WARN_UNREACHABLE_CODE = YES;
				CLANG_WARN__DUPLICATE_METHOD_MATCH = YES;
				CODE_SIGN_IDENTITY = "iPhone Developer";
				COPY_PHASE_STRIP = NO;
				DEBUG_INFORMATION_FORMAT = "dwarf-with-dsym";
				ENABLE_NS_ASSERTIONS = NO;
				ENABLE_STRICT_OBJC_MSGSEND = YES;
				GCC_C_LANGUAGE_STANDARD = gnu11;
				GCC_NO_COMMON_BLOCKS = YES;
				GCC_WARN_64_TO_32_BIT_CONVERSION = YES;
				GCC_WARN_ABOUT_RETURN_TYPE = YES_ERROR;
				GCC_WARN_UNDECLARED_SELECTOR = YES;
				GCC_WARN_UNINITIALIZED_AUTOS = YES_AGGRESSIVE;
				GCC_WARN_UNUSED_FUNCTION = YES;
				GCC_WARN_UNUSED_VARIABLE = YES;
				IPHONEOS_DEPLOYMENT_TARGET = 11.0;
				MTL_ENABLE_DEBUG_INFO = NO;
				SDKROOT = iphoneos;
				VALIDATE_PRODUCT = YES;
			};
			name = Release;
		};
		8ADA956B1FD9309400C0EF49 /* Debug */ = {
			isa = XCBuildConfiguration;
			baseConfigurationReference = 97BD7DEF55A6F7A44C7420EE /* Pods-EMASDemo.debug.xcconfig */;
			buildSettings = {
				ASSETCATALOG_COMPILER_APPICON_NAME = AppIcon;
				CLANG_ALLOW_NON_MODULAR_INCLUDES_IN_FRAMEWORK_MODULES = YES;
				"CODE_SIGN_IDENTITY[sdk=iphoneos*]" = "iPhone Developer";
				CODE_SIGN_STYLE = Manual;
				DEVELOPMENT_TEAM = "";
				ENABLE_BITCODE = NO;
				FRAMEWORK_SEARCH_PATHS = (
					"$(inherited)",
					"$(PROJECT_DIR)/EMASDemo/hotfix",
				);
				INFOPLIST_FILE = EMASDemo/Info.plist;
				IPHONEOS_DEPLOYMENT_TARGET = 8.0;
				LD_RUNPATH_SEARCH_PATHS = "$(inherited) @executable_path/Frameworks";
				PRODUCT_BUNDLE_IDENTIFIER = com.emas.poc;
				PRODUCT_NAME = "$(TARGET_NAME)";
				PROVISIONING_PROFILE = "";
				PROVISIONING_PROFILE_SPECIFIER = "";
				TARGETED_DEVICE_FAMILY = "1,2";
			};
			name = Debug;
		};
		8ADA956C1FD9309400C0EF49 /* Release */ = {
			isa = XCBuildConfiguration;
			baseConfigurationReference = 0841F49C85C633B167F1BB45 /* Pods-EMASDemo.release.xcconfig */;
			buildSettings = {
				ASSETCATALOG_COMPILER_APPICON_NAME = AppIcon;
				CLANG_ALLOW_NON_MODULAR_INCLUDES_IN_FRAMEWORK_MODULES = YES;
				"CODE_SIGN_IDENTITY[sdk=iphoneos*]" = "iPhone Developer";
				CODE_SIGN_STYLE = Manual;
				DEVELOPMENT_TEAM = "";
				ENABLE_BITCODE = NO;
				FRAMEWORK_SEARCH_PATHS = (
					"$(inherited)",
					"$(PROJECT_DIR)/EMASDemo/hotfix",
				);
				INFOPLIST_FILE = EMASDemo/Info.plist;
				IPHONEOS_DEPLOYMENT_TARGET = 8.0;
				LD_RUNPATH_SEARCH_PATHS = "$(inherited) @executable_path/Frameworks";
				PRODUCT_BUNDLE_IDENTIFIER = com.emas.poc;
				PRODUCT_NAME = "$(TARGET_NAME)";
				PROVISIONING_PROFILE = "";
				PROVISIONING_PROFILE_SPECIFIER = "";
				TARGETED_DEVICE_FAMILY = "1,2";
			};
			name = Release;
		};
		8ADA956E1FD9309400C0EF49 /* Debug */ = {
			isa = XCBuildConfiguration;
			buildSettings = {
				BUNDLE_LOADER = "$(TEST_HOST)";
				CODE_SIGN_STYLE = Automatic;
				INFOPLIST_FILE = EMASDemoTests/Info.plist;
				LD_RUNPATH_SEARCH_PATHS = "$(inherited) @executable_path/Frameworks @loader_path/Frameworks";
				PRODUCT_BUNDLE_IDENTIFIER = com.taobao.EMASDemoTests;
				PRODUCT_NAME = "$(TARGET_NAME)";
				TARGETED_DEVICE_FAMILY = "1,2";
				TEST_HOST = "$(BUILT_PRODUCTS_DIR)/EMASDemo.app/EMASDemo";
			};
			name = Debug;
		};
		8ADA956F1FD9309400C0EF49 /* Release */ = {
			isa = XCBuildConfiguration;
			buildSettings = {
				BUNDLE_LOADER = "$(TEST_HOST)";
				CODE_SIGN_STYLE = Automatic;
				INFOPLIST_FILE = EMASDemoTests/Info.plist;
				LD_RUNPATH_SEARCH_PATHS = "$(inherited) @executable_path/Frameworks @loader_path/Frameworks";
				PRODUCT_BUNDLE_IDENTIFIER = com.taobao.EMASDemoTests;
				PRODUCT_NAME = "$(TARGET_NAME)";
				TARGETED_DEVICE_FAMILY = "1,2";
				TEST_HOST = "$(BUILT_PRODUCTS_DIR)/EMASDemo.app/EMASDemo";
			};
			name = Release;
		};
		8ADA95711FD9309400C0EF49 /* Debug */ = {
			isa = XCBuildConfiguration;
			buildSettings = {
				CODE_SIGN_STYLE = Automatic;
				INFOPLIST_FILE = EMASDemoUITests/Info.plist;
				LD_RUNPATH_SEARCH_PATHS = "$(inherited) @executable_path/Frameworks @loader_path/Frameworks";
				PRODUCT_BUNDLE_IDENTIFIER = com.taobao.EMASDemoUITests;
				PRODUCT_NAME = "$(TARGET_NAME)";
				TARGETED_DEVICE_FAMILY = "1,2";
				TEST_TARGET_NAME = EMASDemo;
			};
			name = Debug;
		};
		8ADA95721FD9309400C0EF49 /* Release */ = {
			isa = XCBuildConfiguration;
			buildSettings = {
				CODE_SIGN_STYLE = Automatic;
				INFOPLIST_FILE = EMASDemoUITests/Info.plist;
				LD_RUNPATH_SEARCH_PATHS = "$(inherited) @executable_path/Frameworks @loader_path/Frameworks";
				PRODUCT_BUNDLE_IDENTIFIER = com.taobao.EMASDemoUITests;
				PRODUCT_NAME = "$(TARGET_NAME)";
				TARGETED_DEVICE_FAMILY = "1,2";
				TEST_TARGET_NAME = EMASDemo;
			};
			name = Release;
		};
/* End XCBuildConfiguration section */

/* Begin XCConfigurationList section */
		8AA1176A1FF5E8FE004D4D0A /* Build configuration list for PBXNativeTarget "EMASWatch Extension" */ = {
			isa = XCConfigurationList;
			buildConfigurations = (
				8AA1176B1FF5E8FE004D4D0A /* Debug */,
				8AA1176C1FF5E8FE004D4D0A /* Release */,
			);
			defaultConfigurationIsVisible = 0;
			defaultConfigurationName = Release;
		};
		8AA1176E1FF5E8FE004D4D0A /* Build configuration list for PBXNativeTarget "EMASWatch" */ = {
			isa = XCConfigurationList;
			buildConfigurations = (
				8AA1176F1FF5E8FE004D4D0A /* Debug */,
				8AA117701FF5E8FE004D4D0A /* Release */,
			);
			defaultConfigurationIsVisible = 0;
			defaultConfigurationName = Release;
		};
		8ADA95361FD9309400C0EF49 /* Build configuration list for PBXProject "EMASDemo" */ = {
			isa = XCConfigurationList;
			buildConfigurations = (
				8ADA95681FD9309400C0EF49 /* Debug */,
				8ADA95691FD9309400C0EF49 /* Release */,
			);
			defaultConfigurationIsVisible = 0;
			defaultConfigurationName = Release;
		};
		8ADA956A1FD9309400C0EF49 /* Build configuration list for PBXNativeTarget "EMASDemo" */ = {
			isa = XCConfigurationList;
			buildConfigurations = (
				8ADA956B1FD9309400C0EF49 /* Debug */,
				8ADA956C1FD9309400C0EF49 /* Release */,
			);
			defaultConfigurationIsVisible = 0;
			defaultConfigurationName = Release;
		};
		8ADA956D1FD9309400C0EF49 /* Build configuration list for PBXNativeTarget "EMASDemoTests" */ = {
			isa = XCConfigurationList;
			buildConfigurations = (
				8ADA956E1FD9309400C0EF49 /* Debug */,
				8ADA956F1FD9309400C0EF49 /* Release */,
			);
			defaultConfigurationIsVisible = 0;
			defaultConfigurationName = Release;
		};
		8ADA95701FD9309400C0EF49 /* Build configuration list for PBXNativeTarget "EMASDemoUITests" */ = {
			isa = XCConfigurationList;
			buildConfigurations = (
				8ADA95711FD9309400C0EF49 /* Debug */,
				8ADA95721FD9309400C0EF49 /* Release */,
			);
			defaultConfigurationIsVisible = 0;
			defaultConfigurationName = Release;
		};
/* End XCConfigurationList section */
	};
	rootObject = 8ADA95331FD9309400C0EF49 /* Project object */;
}
